// !$*UTF8*$!
{
	archiveVersion = 1;
	classes = {
	};
	objectVersion = 56;
	objects = {

/* Begin PBXBuildFile section */
		486FDFFB296E71FB0017C439 /* AppDelegate.swift in Sources */ = {isa = PBXBuildFile; fileRef = 486FDFFA296E71FB0017C439 /* AppDelegate.swift */; };
		486FDFFD296E71FB0017C439 /* SceneDelegate.swift in Sources */ = {isa = PBXBuildFile; fileRef = 486FDFFC296E71FB0017C439 /* SceneDelegate.swift */; };
		486FE002296E71FB0017C439 /* Main.storyboard in Resources */ = {isa = PBXBuildFile; fileRef = 486FE000296E71FB0017C439 /* Main.storyboard */; };
		486FE005296E71FB0017C439 /* EmojiDictionary.xcdatamodeld in Sources */ = {isa = PBXBuildFile; fileRef = 486FE003296E71FB0017C439 /* EmojiDictionary.xcdatamodeld */; };
		486FE007296E71FB0017C439 /* Assets.xcassets in Resources */ = {isa = PBXBuildFile; fileRef = 486FE006296E71FB0017C439 /* Assets.xcassets */; };
		486FE00A296E71FB0017C439 /* LaunchScreen.storyboard in Resources */ = {isa = PBXBuildFile; fileRef = 486FE008296E71FB0017C439 /* LaunchScreen.storyboard */; };
		486FE015296E71FC0017C439 /* EmojiDictionaryTests.swift in Sources */ = {isa = PBXBuildFile; fileRef = 486FE014296E71FC0017C439 /* EmojiDictionaryTests.swift */; };
		486FE01F296E71FC0017C439 /* EmojiDictionaryUITests.swift in Sources */ = {isa = PBXBuildFile; fileRef = 486FE01E296E71FC0017C439 /* EmojiDictionaryUITests.swift */; };
		486FE021296E71FC0017C439 /* EmojiDictionaryUITestsLaunchTests.swift in Sources */ = {isa = PBXBuildFile; fileRef = 486FE020296E71FC0017C439 /* EmojiDictionaryUITestsLaunchTests.swift */; };
		486FE02E296E745B0017C439 /* Emoji.swift in Sources */ = {isa = PBXBuildFile; fileRef = 486FE02D296E745B0017C439 /* Emoji.swift */; };
		486FE030296E75480017C439 /* EmojiTableViewController.swift in Sources */ = {isa = PBXBuildFile; fileRef = 486FE02F296E75480017C439 /* EmojiTableViewController.swift */; };
		486FE0F5296FCB860017C439 /* EmojiTableViewCell.swift in Sources */ = {isa = PBXBuildFile; fileRef = 486FE0F4296FCB860017C439 /* EmojiTableViewCell.swift */; };
/* End PBXBuildFile section */

/* Begin PBXContainerItemProxy section */
		486FE011296E71FC0017C439 /* PBXContainerItemProxy */ = {
			isa = PBXContainerItemProxy;
			containerPortal = 486FDFEF296E71FA0017C439 /* Project object */;
			proxyType = 1;
			remoteGlobalIDString = 486FDFF6296E71FA0017C439;
			remoteInfo = EmojiDictionary;
		};
		486FE01B296E71FC0017C439 /* PBXContainerItemProxy */ = {
			isa = PBXContainerItemProxy;
			containerPortal = 486FDFEF296E71FA0017C439 /* Project object */;
			proxyType = 1;
			remoteGlobalIDString = 486FDFF6296E71FA0017C439;
			remoteInfo = EmojiDictionary;
		};
/* End PBXContainerItemProxy section */

/* Begin PBXFileReference section */
		486FDFF7296E71FA0017C439 /* EmojiDictionary.app */ = {isa = PBXFileReference; explicitFileType = wrapper.application; includeInIndex = 0; path = EmojiDictionary.app; sourceTree = BUILT_PRODUCTS_DIR; };
		486FDFFA296E71FB0017C439 /* AppDelegate.swift */ = {isa = PBXFileReference; lastKnownFileType = sourcecode.swift; path = AppDelegate.swift; sourceTree = "<group>"; };
		486FDFFC296E71FB0017C439 /* SceneDelegate.swift */ = {isa = PBXFileReference; lastKnownFileType = sourcecode.swift; path = SceneDelegate.swift; sourceTree = "<group>"; };
		486FE001296E71FB0017C439 /* Base */ = {isa = PBXFileReference; lastKnownFileType = file.storyboard; name = Base; path = Base.lproj/Main.storyboard; sourceTree = "<group>"; };
		486FE004296E71FB0017C439 /* EmojiDictionary.xcdatamodel */ = {isa = PBXFileReference; lastKnownFileType = wrapper.xcdatamodel; path = EmojiDictionary.xcdatamodel; sourceTree = "<group>"; };
		486FE006296E71FB0017C439 /* Assets.xcassets */ = {isa = PBXFileReference; lastKnownFileType = folder.assetcatalog; path = Assets.xcassets; sourceTree = "<group>"; };
		486FE009296E71FB0017C439 /* Base */ = {isa = PBXFileReference; lastKnownFileType = file.storyboard; name = Base; path = Base.lproj/LaunchScreen.storyboard; sourceTree = "<group>"; };
		486FE00B296E71FB0017C439 /* Info.plist */ = {isa = PBXFileReference; lastKnownFileType = text.plist.xml; path = Info.plist; sourceTree = "<group>"; };
		486FE010296E71FC0017C439 /* EmojiDictionaryTests.xctest */ = {isa = PBXFileReference; explicitFileType = wrapper.cfbundle; includeInIndex = 0; path = EmojiDictionaryTests.xctest; sourceTree = BUILT_PRODUCTS_DIR; };
		486FE014296E71FC0017C439 /* EmojiDictionaryTests.swift */ = {isa = PBXFileReference; lastKnownFileType = sourcecode.swift; path = EmojiDictionaryTests.swift; sourceTree = "<group>"; };
		486FE01A296E71FC0017C439 /* EmojiDictionaryUITests.xctest */ = {isa = PBXFileReference; explicitFileType = wrapper.cfbundle; includeInIndex = 0; path = EmojiDictionaryUITests.xctest; sourceTree = BUILT_PRODUCTS_DIR; };
		486FE01E296E71FC0017C439 /* EmojiDictionaryUITests.swift */ = {isa = PBXFileReference; lastKnownFileType = sourcecode.swift; path = EmojiDictionaryUITests.swift; sourceTree = "<group>"; };
		486FE020296E71FC0017C439 /* EmojiDictionaryUITestsLaunchTests.swift */ = {isa = PBXFileReference; lastKnownFileType = sourcecode.swift; path = EmojiDictionaryUITestsLaunchTests.swift; sourceTree = "<group>"; };
		486FE02D296E745B0017C439 /* Emoji.swift */ = {isa = PBXFileReference; lastKnownFileType = sourcecode.swift; path = Emoji.swift; sourceTree = "<group>"; };
		486FE02F296E75480017C439 /* EmojiTableViewController.swift */ = {isa = PBXFileReference; lastKnownFileType = sourcecode.swift; path = EmojiTableViewController.swift; sourceTree = "<group>"; };
		486FE0F4296FCB860017C439 /* EmojiTableViewCell.swift */ = {isa = PBXFileReference; lastKnownFileType = sourcecode.swift; path = EmojiTableViewCell.swift; sourceTree = "<group>"; };
/* End PBXFileReference section */

/* Begin PBXFrameworksBuildPhase section */
		486FDFF4296E71FA0017C439 /* Frameworks */ = {
			isa = PBXFrameworksBuildPhase;
			buildActionMask = 2147483647;
			files = (
			);
			runOnlyForDeploymentPostprocessing = 0;
		};
		486FE00D296E71FC0017C439 /* Frameworks */ = {
			isa = PBXFrameworksBuildPhase;
			buildActionMask = 2147483647;
			files = (
			);
			runOnlyForDeploymentPostprocessing = 0;
		};
		486FE017296E71FC0017C439 /* Frameworks */ = {
			isa = PBXFrameworksBuildPhase;
			buildActionMask = 2147483647;
			files = (
			);
			runOnlyForDeploymentPostprocessing = 0;
		};
/* End PBXFrameworksBuildPhase section */

/* Begin PBXGroup section */
		486FDFEE296E71FA0017C439 = {
			isa = PBXGroup;
			children = (
				486FDFF9296E71FB0017C439 /* EmojiDictionary */,
				486FE013296E71FC0017C439 /* EmojiDictionaryTests */,
				486FE01D296E71FC0017C439 /* EmojiDictionaryUITests */,
				486FDFF8296E71FA0017C439 /* Products */,
			);
			sourceTree = "<group>";
		};
		486FDFF8296E71FA0017C439 /* Products */ = {
			isa = PBXGroup;
			children = (
				486FDFF7296E71FA0017C439 /* EmojiDictionary.app */,
				486FE010296E71FC0017C439 /* EmojiDictionaryTests.xctest */,
				486FE01A296E71FC0017C439 /* EmojiDictionaryUITests.xctest */,
			);
			name = Products;
			sourceTree = "<group>";
		};
		486FDFF9296E71FB0017C439 /* EmojiDictionary */ = {
			isa = PBXGroup;
			children = (
				486FDFFA296E71FB0017C439 /* AppDelegate.swift */,
				486FDFFC296E71FB0017C439 /* SceneDelegate.swift */,
				486FE000296E71FB0017C439 /* Main.storyboard */,
				486FE0F4296FCB860017C439 /* EmojiTableViewCell.swift */,
				486FE02F296E75480017C439 /* EmojiTableViewController.swift */,
				486FE02D296E745B0017C439 /* Emoji.swift */,
				486FE006296E71FB0017C439 /* Assets.xcassets */,
				486FE008296E71FB0017C439 /* LaunchScreen.storyboard */,
				486FE00B296E71FB0017C439 /* Info.plist */,
				486FE003296E71FB0017C439 /* EmojiDictionary.xcdatamodeld */,
			);
			path = EmojiDictionary;
			sourceTree = "<group>";
		};
		486FE013296E71FC0017C439 /* EmojiDictionaryTests */ = {
			isa = PBXGroup;
			children = (
				486FE014296E71FC0017C439 /* EmojiDictionaryTests.swift */,
			);
			path = EmojiDictionaryTests;
			sourceTree = "<group>";
		};
		486FE01D296E71FC0017C439 /* EmojiDictionaryUITests */ = {
			isa = PBXGroup;
			children = (
				486FE01E296E71FC0017C439 /* EmojiDictionaryUITests.swift */,
				486FE020296E71FC0017C439 /* EmojiDictionaryUITestsLaunchTests.swift */,
			);
			path = EmojiDictionaryUITests;
			sourceTree = "<group>";
		};
/* End PBXGroup section */

/* Begin PBXNativeTarget section */
		486FDFF6296E71FA0017C439 /* EmojiDictionary */ = {
			isa = PBXNativeTarget;
			buildConfigurationList = 486FE024296E71FC0017C439 /* Build configuration list for PBXNativeTarget "EmojiDictionary" */;
			buildPhases = (
				486FDFF3296E71FA0017C439 /* Sources */,
				486FDFF4296E71FA0017C439 /* Frameworks */,
				486FDFF5296E71FA0017C439 /* Resources */,
			);
			buildRules = (
			);
			dependencies = (
			);
			name = EmojiDictionary;
			productName = EmojiDictionary;
			productReference = 486FDFF7296E71FA0017C439 /* EmojiDictionary.app */;
			productType = "com.apple.product-type.application";
		};
		486FE00F296E71FC0017C439 /* EmojiDictionaryTests */ = {
			isa = PBXNativeTarget;
			buildConfigurationList = 486FE027296E71FC0017C439 /* Build configuration list for PBXNativeTarget "EmojiDictionaryTests" */;
			buildPhases = (
				486FE00C296E71FC0017C439 /* Sources */,
				486FE00D296E71FC0017C439 /* Frameworks */,
				486FE00E296E71FC0017C439 /* Resources */,
			);
			buildRules = (
			);
			dependencies = (
				486FE012296E71FC0017C439 /* PBXTargetDependency */,
			);
			name = EmojiDictionaryTests;
			productName = EmojiDictionaryTests;
			productReference = 486FE010296E71FC0017C439 /* EmojiDictionaryTests.xctest */;
			productType = "com.apple.product-type.bundle.unit-test";
		};
		486FE019296E71FC0017C439 /* EmojiDictionaryUITests */ = {
			isa = PBXNativeTarget;
			buildConfigurationList = 486FE02A296E71FC0017C439 /* Build configuration list for PBXNativeTarget "EmojiDictionaryUITests" */;
			buildPhases = (
				486FE016296E71FC0017C439 /* Sources */,
				486FE017296E71FC0017C439 /* Frameworks */,
				486FE018296E71FC0017C439 /* Resources */,
			);
			buildRules = (
			);
			dependencies = (
				486FE01C296E71FC0017C439 /* PBXTargetDependency */,
			);
			name = EmojiDictionaryUITests;
			productName = EmojiDictionaryUITests;
			productReference = 486FE01A296E71FC0017C439 /* EmojiDictionaryUITests.xctest */;
			productType = "com.apple.product-type.bundle.ui-testing";
		};
/* End PBXNativeTarget section */

/* Begin PBXProject section */
		486FDFEF296E71FA0017C439 /* Project object */ = {
			isa = PBXProject;
			attributes = {
				BuildIndependentTargetsInParallel = 1;
				LastSwiftUpdateCheck = 1420;
				LastUpgradeCheck = 1420;
				TargetAttributes = {
					486FDFF6296E71FA0017C439 = {
						CreatedOnToolsVersion = 14.2;
					};
					486FE00F296E71FC0017C439 = {
						CreatedOnToolsVersion = 14.2;
						TestTargetID = 486FDFF6296E71FA0017C439;
					};
					486FE019296E71FC0017C439 = {
						CreatedOnToolsVersion = 14.2;
						TestTargetID = 486FDFF6296E71FA0017C439;
					};
				};
			};
			buildConfigurationList = 486FDFF2296E71FA0017C439 /* Build configuration list for PBXProject "EmojiDictionary" */;
			compatibilityVersion = "Xcode 14.0";
			developmentRegion = en;
			hasScannedForEncodings = 0;
			knownRegions = (
				en,
				Base,
			);
			mainGroup = 486FDFEE296E71FA0017C439;
			productRefGroup = 486FDFF8296E71FA0017C439 /* Products */;
			projectDirPath = "";
			projectRoot = "";
			targets = (
				486FDFF6296E71FA0017C439 /* EmojiDictionary */,
				486FE00F296E71FC0017C439 /* EmojiDictionaryTests */,
				486FE019296E71FC0017C439 /* EmojiDictionaryUITests */,
			);
		};
/* End PBXProject section */

/* Begin PBXResourcesBuildPhase section */
		486FDFF5296E71FA0017C439 /* Resources */ = {
			isa = PBXResourcesBuildPhase;
			buildActionMask = 2147483647;
			files = (
				486FE00A296E71FB0017C439 /* LaunchScreen.storyboard in Resources */,
				486FE007296E71FB0017C439 /* Assets.xcassets in Resources */,
				486FE002296E71FB0017C439 /* Main.storyboard in Resources */,
			);
			runOnlyForDeploymentPostprocessing = 0;
		};
		486FE00E296E71FC0017C439 /* Resources */ = {
			isa = PBXResourcesBuildPhase;
			buildActionMask = 2147483647;
			files = (
			);
			runOnlyForDeploymentPostprocessing = 0;
		};
		486FE018296E71FC0017C439 /* Resources */ = {
			isa = PBXResourcesBuildPhase;
			buildActionMask = 2147483647;
			files = (
			);
			runOnlyForDeploymentPostprocessing = 0;
		};
/* End PBXResourcesBuildPhase section */

/* Begin PBXSourcesBuildPhase section */
		486FDFF3296E71FA0017C439 /* Sources */ = {
			isa = PBXSourcesBuildPhase;
			buildActionMask = 2147483647;
			files = (
				486FDFFB296E71FB0017C439 /* AppDelegate.swift in Sources */,
				486FE005296E71FB0017C439 /* EmojiDictionary.xcdatamodeld in Sources */,
				486FE02E296E745B0017C439 /* Emoji.swift in Sources */,
				486FDFFD296E71FB0017C439 /* SceneDelegate.swift in Sources */,
				486FE0F5296FCB860017C439 /* EmojiTableViewCell.swift in Sources */,
				486FE030296E75480017C439 /* EmojiTableViewController.swift in Sources */,
			);
			runOnlyForDeploymentPostprocessing = 0;
		};
		486FE00C296E71FC0017C439 /* Sources */ = {
			isa = PBXSourcesBuildPhase;
			buildActionMask = 2147483647;
			files = (
				486FE015296E71FC0017C439 /* EmojiDictionaryTests.swift in Sources */,
			);
			runOnlyForDeploymentPostprocessing = 0;
		};
		486FE016296E71FC0017C439 /* Sources */ = {
			isa = PBXSourcesBuildPhase;
			buildActionMask = 2147483647;
			files = (
				486FE01F296E71FC0017C439 /* EmojiDictionaryUITests.swift in Sources */,
				486FE021296E71FC0017C439 /* EmojiDictionaryUITestsLaunchTests.swift in Sources */,
			);
			runOnlyForDeploymentPostprocessing = 0;
		};
/* End PBXSourcesBuildPhase section */

/* Begin PBXTargetDependency section */
		486FE012296E71FC0017C439 /* PBXTargetDependency */ = {
			isa = PBXTargetDependency;
			target = 486FDFF6296E71FA0017C439 /* EmojiDictionary */;
			targetProxy = 486FE011296E71FC0017C439 /* PBXContainerItemProxy */;
		};
		486FE01C296E71FC0017C439 /* PBXTargetDependency */ = {
			isa = PBXTargetDependency;
			target = 486FDFF6296E71FA0017C439 /* EmojiDictionary */;
			targetProxy = 486FE01B296E71FC0017C439 /* PBXContainerItemProxy */;
		};
/* End PBXTargetDependency section */

/* Begin PBXVariantGroup section */
		486FE000296E71FB0017C439 /* Main.storyboard */ = {
			isa = PBXVariantGroup;
			children = (
				486FE001296E71FB0017C439 /* Base */,
			);
			name = Main.storyboard;
			sourceTree = "<group>";
		};
		486FE008296E71FB0017C439 /* LaunchScreen.storyboard */ = {
			isa = PBXVariantGroup;
			children = (
				486FE009296E71FB0017C439 /* Base */,
			);
			name = LaunchScreen.storyboard;
			sourceTree = "<group>";
		};
/* End PBXVariantGroup section */

/* Begin XCBuildConfiguration section */
		486FE022296E71FC0017C439 /* Debug */ = {
			isa = XCBuildConfiguration;
			buildSettings = {
				ALWAYS_SEARCH_USER_PATHS = NO;
				CLANG_ANALYZER_NONNULL = YES;
				CLANG_ANALYZER_NUMBER_OBJECT_CONVERSION = YES_AGGRESSIVE;
				CLANG_CXX_LANGUAGE_STANDARD = "gnu++20";
				CLANG_ENABLE_MODULES = YES;
				CLANG_ENABLE_OBJC_ARC = YES;
				CLANG_ENABLE_OBJC_WEAK = YES;
				CLANG_WARN_BLOCK_CAPTURE_AUTORELEASING = YES;
				CLANG_WARN_BOOL_CONVERSION = YES;
				CLANG_WARN_COMMA = YES;
				CLANG_WARN_CONSTANT_CONVERSION = YES;
				CLANG_WARN_DEPRECATED_OBJC_IMPLEMENTATIONS = YES;
				CLANG_WARN_DIRECT_OBJC_ISA_USAGE = YES_ERROR;
				CLANG_WARN_DOCUMENTATION_COMMENTS = YES;
				CLANG_WARN_EMPTY_BODY = YES;
				CLANG_WARN_ENUM_CONVERSION = YES;
				CLANG_WARN_INFINITE_RECURSION = YES;
				CLANG_WARN_INT_CONVERSION = YES;
				CLANG_WARN_NON_LITERAL_NULL_CONVERSION = YES;
				CLANG_WARN_OBJC_IMPLICIT_RETAIN_SELF = YES;
				CLANG_WARN_OBJC_LITERAL_CONVERSION = YES;
				CLANG_WARN_OBJC_ROOT_CLASS = YES_ERROR;
				CLANG_WARN_QUOTED_INCLUDE_IN_FRAMEWORK_HEADER = YES;
				CLANG_WARN_RANGE_LOOP_ANALYSIS = YES;
				CLANG_WARN_STRICT_PROTOTYPES = YES;
				CLANG_WARN_SUSPICIOUS_MOVE = YES;
				CLANG_WARN_UNGUARDED_AVAILABILITY = YES_AGGRESSIVE;
				CLANG_WARN_UNREACHABLE_CODE = YES;
				CLANG_WARN__DUPLICATE_METHOD_MATCH = YES;
				COPY_PHASE_STRIP = NO;
				DEBUG_INFORMATION_FORMAT = dwarf;
				ENABLE_STRICT_OBJC_MSGSEND = YES;
				ENABLE_TESTABILITY = YES;
				GCC_C_LANGUAGE_STANDARD = gnu11;
				GCC_DYNAMIC_NO_PIC = NO;
				GCC_NO_COMMON_BLOCKS = YES;
				GCC_OPTIMIZATION_LEVEL = 0;
				GCC_PREPROCESSOR_DEFINITIONS = (
					"DEBUG=1",
					"$(inherited)",
				);
				GCC_WARN_64_TO_32_BIT_CONVERSION = YES;
				GCC_WARN_ABOUT_RETURN_TYPE = YES_ERROR;
				GCC_WARN_UNDECLARED_SELECTOR = YES;
				GCC_WARN_UNINITIALIZED_AUTOS = YES_AGGRESSIVE;
				GCC_WARN_UNUSED_FUNCTION = YES;
				GCC_WARN_UNUSED_VARIABLE = YES;
				IPHONEOS_DEPLOYMENT_TARGET = 16.2;
				MTL_ENABLE_DEBUG_INFO = INCLUDE_SOURCE;
				MTL_FAST_MATH = YES;
				ONLY_ACTIVE_ARCH = YES;
				SDKROOT = iphoneos;
				SWIFT_ACTIVE_COMPILATION_CONDITIONS = DEBUG;
				SWIFT_OPTIMIZATION_LEVEL = "-Onone";
			};
			name = Debug;
		};
		486FE023296E71FC0017C439 /* Release */ = {
			isa = XCBuildConfiguration;
			buildSettings = {
				ALWAYS_SEARCH_USER_PATHS = NO;
				CLANG_ANALYZER_NONNULL = YES;
				CLANG_ANALYZER_NUMBER_OBJECT_CONVERSION = YES_AGGRESSIVE;
				CLANG_CXX_LANGUAGE_STANDARD = "gnu++20";
				CLANG_ENABLE_MODULES = YES;
				CLANG_ENABLE_OBJC_ARC = YES;
				CLANG_ENABLE_OBJC_WEAK = YES;
				CLANG_WARN_BLOCK_CAPTURE_AUTORELEASING = YES;
				CLANG_WARN_BOOL_CONVERSION = YES;
				CLANG_WARN_COMMA = YES;
				CLANG_WARN_CONSTANT_CONVERSION = YES;
				CLANG_WARN_DEPRECATED_OBJC_IMPLEMENTATIONS = YES;
				CLANG_WARN_DIRECT_OBJC_ISA_USAGE = YES_ERROR;
				CLANG_WARN_DOCUMENTATION_COMMENTS = YES;
				CLANG_WARN_EMPTY_BODY = YES;
				CLANG_WARN_ENUM_CONVERSION = YES;
				CLANG_WARN_INFINITE_RECURSION = YES;
				CLANG_WARN_INT_CONVERSION = YES;
				CLANG_WARN_NON_LITERAL_NULL_CONVERSION = YES;
				CLANG_WARN_OBJC_IMPLICIT_RETAIN_SELF = YES;
				CLANG_WARN_OBJC_LITERAL_CONVERSION = YES;
				CLANG_WARN_OBJC_ROOT_CLASS = YES_ERROR;
				CLANG_WARN_QUOTED_INCLUDE_IN_FRAMEWORK_HEADER = YES;
				CLANG_WARN_RANGE_LOOP_ANALYSIS = YES;
				CLANG_WARN_STRICT_PROTOTYPES = YES;
				CLANG_WARN_SUSPICIOUS_MOVE = YES;
				CLANG_WARN_UNGUARDED_AVAILABILITY = YES_AGGRESSIVE;
				CLANG_WARN_UNREACHABLE_CODE = YES;
				CLANG_WARN__DUPLICATE_METHOD_MATCH = YES;
				COPY_PHASE_STRIP = NO;
				DEBUG_INFORMATION_FORMAT = "dwarf-with-dsym";
				ENABLE_NS_ASSERTIONS = NO;
				ENABLE_STRICT_OBJC_MSGSEND = YES;
				GCC_C_LANGUAGE_STANDARD = gnu11;
				GCC_NO_COMMON_BLOCKS = YES;
				GCC_WARN_64_TO_32_BIT_CONVERSION = YES;
				GCC_WARN_ABOUT_RETURN_TYPE = YES_ERROR;
				GCC_WARN_UNDECLARED_SELECTOR = YES;
				GCC_WARN_UNINITIALIZED_AUTOS = YES_AGGRESSIVE;
				GCC_WARN_UNUSED_FUNCTION = YES;
				GCC_WARN_UNUSED_VARIABLE = YES;
				IPHONEOS_DEPLOYMENT_TARGET = 16.2;
				MTL_ENABLE_DEBUG_INFO = NO;
				MTL_FAST_MATH = YES;
				SDKROOT = iphoneos;
				SWIFT_COMPILATION_MODE = wholemodule;
				SWIFT_OPTIMIZATION_LEVEL = "-O";
				VALIDATE_PRODUCT = YES;
			};
			name = Release;
		};
		486FE025296E71FC0017C439 /* Debug */ = {
			isa = XCBuildConfiguration;
			buildSettings = {
				ASSETCATALOG_COMPILER_APPICON_NAME = AppIcon;
				ASSETCATALOG_COMPILER_GLOBAL_ACCENT_COLOR_NAME = AccentColor;
				CODE_SIGN_STYLE = Automatic;
				CURRENT_PROJECT_VERSION = 1;
				DEVELOPMENT_TEAM = BU6NCQ257S;
				GENERATE_INFOPLIST_FILE = YES;
				INFOPLIST_FILE = EmojiDictionary/Info.plist;
				INFOPLIST_KEY_UIApplicationSupportsIndirectInputEvents = YES;
				INFOPLIST_KEY_UILaunchStoryboardName = LaunchScreen;
				INFOPLIST_KEY_UIMainStoryboardFile = Main;
				INFOPLIST_KEY_UISupportedInterfaceOrientations_iPad = "UIInterfaceOrientationPortrait UIInterfaceOrientationPortraitUpsideDown UIInterfaceOrientationLandscapeLeft UIInterfaceOrientationLandscapeRight";
				INFOPLIST_KEY_UISupportedInterfaceOrientations_iPhone = "UIInterfaceOrientationPortrait UIInterfaceOrientationLandscapeLeft UIInterfaceOrientationLandscapeRight";
				LD_RUNPATH_SEARCH_PATHS = (
					"$(inherited)",
					"@executable_path/Frameworks",
				);
				MARKETING_VERSION = 1.0;
				PRODUCT_BUNDLE_IDENTIFIER = SanjayKrishna.EmojiDictionary;
				PRODUCT_NAME = "$(TARGET_NAME)";
				SWIFT_EMIT_LOC_STRINGS = YES;
				SWIFT_VERSION = 5.0;
				TARGETED_DEVICE_FAMILY = "1,2";
			};
			name = Debug;
		};
		486FE026296E71FC0017C439 /* Release */ = {
			isa = XCBuildConfiguration;
			buildSettings = {
				ASSETCATALOG_COMPILER_APPICON_NAME = AppIcon;
				ASSETCATALOG_COMPILER_GLOBAL_ACCENT_COLOR_NAME = AccentColor;
				CODE_SIGN_STYLE = Automatic;
				CURRENT_PROJECT_VERSION = 1;
				DEVELOPMENT_TEAM = BU6NCQ257S;
				GENERATE_INFOPLIST_FILE = YES;
				INFOPLIST_FILE = EmojiDictionary/Info.plist;
				INFOPLIST_KEY_UIApplicationSupportsIndirectInputEvents = YES;
				INFOPLIST_KEY_UILaunchStoryboardName = LaunchScreen;
				INFOPLIST_KEY_UIMainStoryboardFile = Main;
				INFOPLIST_KEY_UISupportedInterfaceOrientations_iPad = "UIInterfaceOrientationPortrait UIInterfaceOrientationPortraitUpsideDown UIInterfaceOrientationLandscapeLeft UIInterfaceOrientationLandscapeRight";
				INFOPLIST_KEY_UISupportedInterfaceOrientations_iPhone = "UIInterfaceOrientationPortrait UIInterfaceOrientationLandscapeLeft UIInterfaceOrientationLandscapeRight";
				LD_RUNPATH_SEARCH_PATHS = (
					"$(inherited)",
					"@executable_path/Frameworks",
				);
				MARKETING_VERSION = 1.0;
				PRODUCT_BUNDLE_IDENTIFIER = SanjayKrishna.EmojiDictionary;
				PRODUCT_NAME = "$(TARGET_NAME)";
				SWIFT_EMIT_LOC_STRINGS = YES;
				SWIFT_VERSION = 5.0;
				TARGETED_DEVICE_FAMILY = "1,2";
			};
			name = Release;
		};
		486FE028296E71FC0017C439 /* Debug */ = {
			isa = XCBuildConfiguration;
			buildSettings = {
				ALWAYS_EMBED_SWIFT_STANDARD_LIBRARIES = YES;
				BUNDLE_LOADER = "$(TEST_HOST)";
				CODE_SIGN_STYLE = Automatic;
				CURRENT_PROJECT_VERSION = 1;
				DEVELOPMENT_TEAM = BU6NCQ257S;
				GENERATE_INFOPLIST_FILE = YES;
				IPHONEOS_DEPLOYMENT_TARGET = 16.2;
				MARKETING_VERSION = 1.0;
				PRODUCT_BUNDLE_IDENTIFIER = SanjayKrishna.EmojiDictionaryTests;
				PRODUCT_NAME = "$(TARGET_NAME)";
				SWIFT_EMIT_LOC_STRINGS = NO;
				SWIFT_VERSION = 5.0;
				TARGETED_DEVICE_FAMILY = "1,2";
				TEST_HOST = "$(BUILT_PRODUCTS_DIR)/EmojiDictionary.app/$(BUNDLE_EXECUTABLE_FOLDER_PATH)/EmojiDictionary";
			};
			name = Debug;
		};
		486FE029296E71FC0017C439 /* Release */ = {
			isa = XCBuildConfiguration;
			buildSettings = {
				ALWAYS_EMBED_SWIFT_STANDARD_LIBRARIES = YES;
				BUNDLE_LOADER = "$(TEST_HOST)";
				CODE_SIGN_STYLE = Automatic;
				CURRENT_PROJECT_VERSION = 1;
				DEVELOPMENT_TEAM = BU6NCQ257S;
				GENERATE_INFOPLIST_FILE = YES;
				IPHONEOS_DEPLOYMENT_TARGET = 16.2;
				MARKETING_VERSION = 1.0;
				PRODUCT_BUNDLE_IDENTIFIER = SanjayKrishna.EmojiDictionaryTests;
				PRODUCT_NAME = "$(TARGET_NAME)";
				SWIFT_EMIT_LOC_STRINGS = NO;
				SWIFT_VERSION = 5.0;
				TARGETED_DEVICE_FAMILY = "1,2";
				TEST_HOST = "$(BUILT_PRODUCTS_DIR)/EmojiDictionary.app/$(BUNDLE_EXECUTABLE_FOLDER_PATH)/EmojiDictionary";
			};
			name = Release;
		};
		486FE02B296E71FC0017C439 /* Debug */ = {
			isa = XCBuildConfiguration;
			buildSettings = {
				ALWAYS_EMBED_SWIFT_STANDARD_LIBRARIES = YES;
				CODE_SIGN_STYLE = Automatic;
				CURRENT_PROJECT_VERSION = 1;
				DEVELOPMENT_TEAM = BU6NCQ257S;
				GENERATE_INFOPLIST_FILE = YES;
				MARKETING_VERSION = 1.0;
				PRODUCT_BUNDLE_IDENTIFIER = SanjayKrishna.EmojiDictionaryUITests;
				PRODUCT_NAME = "$(TARGET_NAME)";
				SWIFT_EMIT_LOC_STRINGS = NO;
				SWIFT_VERSION = 5.0;
				TARGETED_DEVICE_FAMILY = "1,2";
				TEST_TARGET_NAME = EmojiDictionary;
			};
			name = Debug;
		};
		486FE02C296E71FC0017C439 /* Release */ = {
			isa = XCBuildConfiguration;
			buildSettings = {
				ALWAYS_EMBED_SWIFT_STANDARD_LIBRARIES = YES;
				CODE_SIGN_STYLE = Automatic;
				CURRENT_PROJECT_VERSION = 1;
				DEVELOPMENT_TEAM = BU6NCQ257S;
				GENERATE_INFOPLIST_FILE = YES;
				MARKETING_VERSION = 1.0;
				PRODUCT_BUNDLE_IDENTIFIER = SanjayKrishna.EmojiDictionaryUITests;
				PRODUCT_NAME = "$(TARGET_NAME)";
				SWIFT_EMIT_LOC_STRINGS = NO;
				SWIFT_VERSION = 5.0;
				TARGETED_DEVICE_FAMILY = "1,2";
				TEST_TARGET_NAME = EmojiDictionary;
			};
			name = Release;
		};
/* End XCBuildConfiguration section */

/* Begin XCConfigurationList section */
		486FDFF2296E71FA0017C439 /* Build configuration list for PBXProject "EmojiDictionary" */ = {
			isa = XCConfigurationList;
			buildConfigurations = (
				486FE022296E71FC0017C439 /* Debug */,
				486FE023296E71FC0017C439 /* Release */,
			);
			defaultConfigurationIsVisible = 0;
			defaultConfigurationName = Release;
		};
		486FE024296E71FC0017C439 /* Build configuration list for PBXNativeTarget "EmojiDictionary" */ = {
			isa = XCConfigurationList;
			buildConfigurations = (
				486FE025296E71FC0017C439 /* Debug */,
				486FE026296E71FC0017C439 /* Release */,
			);
			defaultConfigurationIsVisible = 0;
			defaultConfigurationName = Release;
		};
		486FE027296E71FC0017C439 /* Build configuration list for PBXNativeTarget "EmojiDictionaryTests" */ = {
			isa = XCConfigurationList;
			buildConfigurations = (
				486FE028296E71FC0017C439 /* Debug */,
				486FE029296E71FC0017C439 /* Release */,
			);
			defaultConfigurationIsVisible = 0;
			defaultConfigurationName = Release;
		};
		486FE02A296E71FC0017C439 /* Build configuration list for PBXNativeTarget "EmojiDictionaryUITests" */ = {
			isa = XCConfigurationList;
			buildConfigurations = (
				486FE02B296E71FC0017C439 /* Debug */,
				486FE02C296E71FC0017C439 /* Release */,
			);
			defaultConfigurationIsVisible = 0;
			defaultConfigurationName = Release;
		};
/* End XCConfigurationList section */

/* Begin XCVersionGroup section */
		486FE003296E71FB0017C439 /* EmojiDictionary.xcdatamodeld */ = {
			isa = XCVersionGroup;
			children = (
				486FE004296E71FB0017C439 /* EmojiDictionary.xcdatamodel */,
			);
			currentVersion = 486FE004296E71FB0017C439 /* EmojiDictionary.xcdatamodel */;
			path = EmojiDictionary.xcdatamodeld;
			sourceTree = "<group>";
			versionGroupType = wrapper.xcdatamodel;
		};
/* End XCVersionGroup section */
	};
	rootObject = 486FDFEF296E71FA0017C439 /* Project object */;
}
