// !$*UTF8*$!
{
	archiveVersion = 1;
	classes = {
	};
	objectVersion = 56;
	objects = {

/* Begin PBXBuildFile section */
		3343E9B329ECFD3800AC73D1 /* Supabase in Frameworks */ = {isa = PBXBuildFile; productRef = 3343E9B229ECFD3800AC73D1 /* Supabase */; };
		3343E9B529ED621200AC73D1 /* PatientDashboardView.swift in Sources */ = {isa = PBXBuildFile; fileRef = 3343E9B429ED621200AC73D1 /* PatientDashboardView.swift */; };
		33BC9A3629EBEB3500BF688C /* SignUpView.swift in Sources */ = {isa = PBXBuildFile; fileRef = 33BC9A3529EBEB3500BF688C /* SignUpView.swift */; };
		33BC9A3929EBFE5400BF688C /* SignUpViewModel.swift in Sources */ = {isa = PBXBuildFile; fileRef = 33BC9A3829EBFE5400BF688C /* SignUpViewModel.swift */; };
		485237032A62954900258C69 /* AuthService.swift in Sources */ = {isa = PBXBuildFile; fileRef = 485237022A62954900258C69 /* AuthService.swift */; };
		AB61895729EC55E6005BE5C6 /* LogInViewModel.swift in Sources */ = {isa = PBXBuildFile; fileRef = AB61895629EC55E6005BE5C6 /* LogInViewModel.swift */; };
		AB61895929EC5606005BE5C6 /* LogInView.swift in Sources */ = {isa = PBXBuildFile; fileRef = AB61895829EC5606005BE5C6 /* LogInView.swift */; };
		AB813A0029EB0E2400997731 /* CareTrackApp.swift in Sources */ = {isa = PBXBuildFile; fileRef = AB8139FF29EB0E2400997731 /* CareTrackApp.swift */; };
		AB813A0229EB0E2400997731 /* ContentView.swift in Sources */ = {isa = PBXBuildFile; fileRef = AB813A0129EB0E2400997731 /* ContentView.swift */; };
		AB813A0429EB0E2500997731 /* Assets.xcassets in Resources */ = {isa = PBXBuildFile; fileRef = AB813A0329EB0E2500997731 /* Assets.xcassets */; };
		AB813A0729EB0E2500997731 /* Preview Assets.xcassets in Resources */ = {isa = PBXBuildFile; fileRef = AB813A0629EB0E2500997731 /* Preview Assets.xcassets */; };
		AB813A0E29EB0E9B00997731 /* GoogleService-Info.plist in Resources */ = {isa = PBXBuildFile; fileRef = AB813A0D29EB0E9B00997731 /* GoogleService-Info.plist */; };
		AB813A1129EB114400997731 /* FirebaseAuth in Frameworks */ = {isa = PBXBuildFile; productRef = AB813A1029EB114400997731 /* FirebaseAuth */; };
		AB813A1329EB114400997731 /* FirebaseFirestore in Frameworks */ = {isa = PBXBuildFile; productRef = AB813A1229EB114400997731 /* FirebaseFirestore */; };
		AB813A1529EB114400997731 /* FirebaseFirestoreCombine-Community in Frameworks */ = {isa = PBXBuildFile; productRef = AB813A1429EB114400997731 /* FirebaseFirestoreCombine-Community */; };
		AB813A1729EB114400997731 /* FirebaseFirestoreSwift in Frameworks */ = {isa = PBXBuildFile; productRef = AB813A1629EB114400997731 /* FirebaseFirestoreSwift */; };
		AB813A1929EB114400997731 /* FirebaseStorage in Frameworks */ = {isa = PBXBuildFile; productRef = AB813A1829EB114400997731 /* FirebaseStorage */; };
		AB813A1D29EB1A0F00997731 /* OnBoardingView.swift in Sources */ = {isa = PBXBuildFile; fileRef = AB813A1C29EB1A0F00997731 /* OnBoardingView.swift */; };
		AB813A1F29EB1DD100997731 /* Archivo-VariableFont_wdth,wght.ttf in Resources */ = {isa = PBXBuildFile; fileRef = AB813A1E29EB1DD100997731 /* Archivo-VariableFont_wdth,wght.ttf */; };
		AB813A2529EB26C500997731 /* SF-Pro-Display-Light.otf in Resources */ = {isa = PBXBuildFile; fileRef = AB813A2429EB26C500997731 /* SF-Pro-Display-Light.otf */; };
/* End PBXBuildFile section */

/* Begin PBXFileReference section */
		3343E9B429ED621200AC73D1 /* PatientDashboardView.swift */ = {isa = PBXFileReference; lastKnownFileType = sourcecode.swift; path = PatientDashboardView.swift; sourceTree = "<group>"; };
		33BC9A3529EBEB3500BF688C /* SignUpView.swift */ = {isa = PBXFileReference; lastKnownFileType = sourcecode.swift; path = SignUpView.swift; sourceTree = "<group>"; };
		33BC9A3829EBFE5400BF688C /* SignUpViewModel.swift */ = {isa = PBXFileReference; lastKnownFileType = sourcecode.swift; path = SignUpViewModel.swift; sourceTree = "<group>"; };
		485237022A62954900258C69 /* AuthService.swift */ = {isa = PBXFileReference; lastKnownFileType = sourcecode.swift; path = AuthService.swift; sourceTree = "<group>"; };
		AB61895629EC55E6005BE5C6 /* LogInViewModel.swift */ = {isa = PBXFileReference; lastKnownFileType = sourcecode.swift; path = LogInViewModel.swift; sourceTree = "<group>"; };
		AB61895829EC5606005BE5C6 /* LogInView.swift */ = {isa = PBXFileReference; lastKnownFileType = sourcecode.swift; path = LogInView.swift; sourceTree = "<group>"; };
		AB8139FC29EB0E2400997731 /* CareTrack.app */ = {isa = PBXFileReference; explicitFileType = wrapper.application; includeInIndex = 0; path = CareTrack.app; sourceTree = BUILT_PRODUCTS_DIR; };
		AB8139FF29EB0E2400997731 /* CareTrackApp.swift */ = {isa = PBXFileReference; lastKnownFileType = sourcecode.swift; path = CareTrackApp.swift; sourceTree = "<group>"; };
		AB813A0129EB0E2400997731 /* ContentView.swift */ = {isa = PBXFileReference; lastKnownFileType = sourcecode.swift; path = ContentView.swift; sourceTree = "<group>"; };
		AB813A0329EB0E2500997731 /* Assets.xcassets */ = {isa = PBXFileReference; lastKnownFileType = folder.assetcatalog; path = Assets.xcassets; sourceTree = "<group>"; };
		AB813A0629EB0E2500997731 /* Preview Assets.xcassets */ = {isa = PBXFileReference; lastKnownFileType = folder.assetcatalog; path = "Preview Assets.xcassets"; sourceTree = "<group>"; };
		AB813A0D29EB0E9B00997731 /* GoogleService-Info.plist */ = {isa = PBXFileReference; fileEncoding = 4; lastKnownFileType = text.plist.xml; path = "GoogleService-Info.plist"; sourceTree = "<group>"; };
		AB813A1C29EB1A0F00997731 /* OnBoardingView.swift */ = {isa = PBXFileReference; lastKnownFileType = sourcecode.swift; path = OnBoardingView.swift; sourceTree = "<group>"; };
		AB813A1E29EB1DD100997731 /* Archivo-VariableFont_wdth,wght.ttf */ = {isa = PBXFileReference; lastKnownFileType = file; path = "Archivo-VariableFont_wdth,wght.ttf"; sourceTree = "<group>"; };
		AB813A2029EB1E5200997731 /* Info.plist */ = {isa = PBXFileReference; lastKnownFileType = text.plist; path = Info.plist; sourceTree = "<group>"; };
		AB813A2429EB26C500997731 /* SF-Pro-Display-Light.otf */ = {isa = PBXFileReference; lastKnownFileType = file; path = "SF-Pro-Display-Light.otf"; sourceTree = "<group>"; };
/* End PBXFileReference section */

/* Begin PBXFrameworksBuildPhase section */
		AB8139F929EB0E2400997731 /* Frameworks */ = {
			isa = PBXFrameworksBuildPhase;
			buildActionMask = 2147483647;
			files = (
				AB813A1529EB114400997731 /* FirebaseFirestoreCombine-Community in Frameworks */,
				AB813A1129EB114400997731 /* FirebaseAuth in Frameworks */,
				3343E9B329ECFD3800AC73D1 /* Supabase in Frameworks */,
				AB813A1329EB114400997731 /* FirebaseFirestore in Frameworks */,
				AB813A1929EB114400997731 /* FirebaseStorage in Frameworks */,
				AB813A1729EB114400997731 /* FirebaseFirestoreSwift in Frameworks */,
			);
			runOnlyForDeploymentPostprocessing = 0;
		};
/* End PBXFrameworksBuildPhase section */

/* Begin PBXGroup section */
		33BC9A3729EBFE2A00BF688C /* ViewModel */ = {
			isa = PBXGroup;
			children = (
				33BC9A3829EBFE5400BF688C /* SignUpViewModel.swift */,
				AB61895629EC55E6005BE5C6 /* LogInViewModel.swift */,
				485237022A62954900258C69 /* AuthService.swift */,
			);
			path = ViewModel;
			sourceTree = "<group>";
		};
		AB8139F329EB0E2400997731 = {
			isa = PBXGroup;
			children = (
				AB813A0D29EB0E9B00997731 /* GoogleService-Info.plist */,
				AB8139FE29EB0E2400997731 /* CareTrack */,
				AB8139FD29EB0E2400997731 /* Products */,
			);
			sourceTree = "<group>";
		};
		AB8139FD29EB0E2400997731 /* Products */ = {
			isa = PBXGroup;
			children = (
				AB8139FC29EB0E2400997731 /* CareTrack.app */,
			);
			name = Products;
			sourceTree = "<group>";
		};
		AB8139FE29EB0E2400997731 /* CareTrack */ = {
			isa = PBXGroup;
			children = (
				AB813A2029EB1E5200997731 /* Info.plist */,
				33BC9A3729EBFE2A00BF688C /* ViewModel */,
				AB813A2329EB21C800997731 /* Fonts */,
				AB813A1A29EB16F500997731 /* Views */,
				AB8139FF29EB0E2400997731 /* CareTrackApp.swift */,
				AB813A0129EB0E2400997731 /* ContentView.swift */,
				AB813A0329EB0E2500997731 /* Assets.xcassets */,
				AB813A0529EB0E2500997731 /* Preview Content */,
			);
			path = CareTrack;
			sourceTree = "<group>";
		};
		AB813A0529EB0E2500997731 /* Preview Content */ = {
			isa = PBXGroup;
			children = (
				AB813A0629EB0E2500997731 /* Preview Assets.xcassets */,
			);
			path = "Preview Content";
			sourceTree = "<group>";
		};
		AB813A1A29EB16F500997731 /* Views */ = {
			isa = PBXGroup;
			children = (
				AB813A1C29EB1A0F00997731 /* OnBoardingView.swift */,
				33BC9A3529EBEB3500BF688C /* SignUpView.swift */,
				AB61895829EC5606005BE5C6 /* LogInView.swift */,
				3343E9B429ED621200AC73D1 /* PatientDashboardView.swift */,
			);
			path = Views;
			sourceTree = "<group>";
		};
		AB813A2329EB21C800997731 /* Fonts */ = {
			isa = PBXGroup;
			children = (
				AB813A1E29EB1DD100997731 /* Archivo-VariableFont_wdth,wght.ttf */,
				AB813A2429EB26C500997731 /* SF-Pro-Display-Light.otf */,
			);
			path = Fonts;
			sourceTree = "<group>";
		};
/* End PBXGroup section */

/* Begin PBXNativeTarget section */
		AB8139FB29EB0E2400997731 /* CareTrack */ = {
			isa = PBXNativeTarget;
			buildConfigurationList = AB813A0A29EB0E2500997731 /* Build configuration list for PBXNativeTarget "CareTrack" */;
			buildPhases = (
				AB8139F829EB0E2400997731 /* Sources */,
				AB8139F929EB0E2400997731 /* Frameworks */,
				AB8139FA29EB0E2400997731 /* Resources */,
			);
			buildRules = (
			);
			dependencies = (
			);
			name = CareTrack;
			packageProductDependencies = (
				AB813A1029EB114400997731 /* FirebaseAuth */,
				AB813A1229EB114400997731 /* FirebaseFirestore */,
				AB813A1429EB114400997731 /* FirebaseFirestoreCombine-Community */,
				AB813A1629EB114400997731 /* FirebaseFirestoreSwift */,
				AB813A1829EB114400997731 /* FirebaseStorage */,
				3343E9B229ECFD3800AC73D1 /* Supabase */,
			);
			productName = CareTrack;
			productReference = AB8139FC29EB0E2400997731 /* CareTrack.app */;
			productType = "com.apple.product-type.application";
		};
/* End PBXNativeTarget section */

/* Begin PBXProject section */
		AB8139F429EB0E2400997731 /* Project object */ = {
			isa = PBXProject;
			attributes = {
				BuildIndependentTargetsInParallel = 1;
				LastSwiftUpdateCheck = 1430;
				LastUpgradeCheck = 1430;
				TargetAttributes = {
					AB8139FB29EB0E2400997731 = {
						CreatedOnToolsVersion = 14.3;
					};
				};
			};
			buildConfigurationList = AB8139F729EB0E2400997731 /* Build configuration list for PBXProject "CareTrack" */;
			compatibilityVersion = "Xcode 14.0";
			developmentRegion = en;
			hasScannedForEncodings = 0;
			knownRegions = (
				en,
				Base,
			);
			mainGroup = AB8139F329EB0E2400997731;
			packageReferences = (
				AB813A0F29EB114400997731 /* XCRemoteSwiftPackageReference "firebase-ios-sdk" */,
				3343E9B129ECFD3800AC73D1 /* XCRemoteSwiftPackageReference "supabase-swift" */,
			);
			productRefGroup = AB8139FD29EB0E2400997731 /* Products */;
			projectDirPath = "";
			projectRoot = "";
			targets = (
				AB8139FB29EB0E2400997731 /* CareTrack */,
			);
		};
/* End PBXProject section */

/* Begin PBXResourcesBuildPhase section */
		AB8139FA29EB0E2400997731 /* Resources */ = {
			isa = PBXResourcesBuildPhase;
			buildActionMask = 2147483647;
			files = (
				AB813A1F29EB1DD100997731 /* Archivo-VariableFont_wdth,wght.ttf in Resources */,
				AB813A0729EB0E2500997731 /* Preview Assets.xcassets in Resources */,
				AB813A0429EB0E2500997731 /* Assets.xcassets in Resources */,
				AB813A2529EB26C500997731 /* SF-Pro-Display-Light.otf in Resources */,
				AB813A0E29EB0E9B00997731 /* GoogleService-Info.plist in Resources */,
			);
			runOnlyForDeploymentPostprocessing = 0;
		};
/* End PBXResourcesBuildPhase section */

/* Begin PBXSourcesBuildPhase section */
		AB8139F829EB0E2400997731 /* Sources */ = {
			isa = PBXSourcesBuildPhase;
			buildActionMask = 2147483647;
			files = (
				33BC9A3629EBEB3500BF688C /* SignUpView.swift in Sources */,
				AB61895929EC5606005BE5C6 /* LogInView.swift in Sources */,
				AB813A1D29EB1A0F00997731 /* OnBoardingView.swift in Sources */,
				485237032A62954900258C69 /* AuthService.swift in Sources */,
				33BC9A3929EBFE5400BF688C /* SignUpViewModel.swift in Sources */,
				AB813A0229EB0E2400997731 /* ContentView.swift in Sources */,
				3343E9B529ED621200AC73D1 /* PatientDashboardView.swift in Sources */,
				AB61895729EC55E6005BE5C6 /* LogInViewModel.swift in Sources */,
				AB813A0029EB0E2400997731 /* CareTrackApp.swift in Sources */,
			);
			runOnlyForDeploymentPostprocessing = 0;
		};
/* End PBXSourcesBuildPhase section */

/* Begin XCBuildConfiguration section */
		AB813A0829EB0E2500997731 /* Debug */ = {
			isa = XCBuildConfiguration;
			buildSettings = {
				ALWAYS_SEARCH_USER_PATHS = NO;
				CLANG_ANALYZER_NONNULL = YES;
				CLANG_ANALYZER_NUMBER_OBJECT_CONVERSION = YES_AGGRESSIVE;
				CLANG_CXX_LANGUAGE_STANDARD = "gnu++20";
				CLANG_ENABLE_MODULES = YES;
				CLANG_ENABLE_OBJC_ARC = YES;
				CLANG_ENABLE_OBJC_WEAK = YES;
				CLANG_WARN_BLOCK_CAPTURE_AUTORELEASING = YES;
				CLANG_WARN_BOOL_CONVERSION = YES;
				CLANG_WARN_COMMA = YES;
				CLANG_WARN_CONSTANT_CONVERSION = YES;
				CLANG_WARN_DEPRECATED_OBJC_IMPLEMENTATIONS = YES;
				CLANG_WARN_DIRECT_OBJC_ISA_USAGE = YES_ERROR;
				CLANG_WARN_DOCUMENTATION_COMMENTS = YES;
				CLANG_WARN_EMPTY_BODY = YES;
				CLANG_WARN_ENUM_CONVERSION = YES;
				CLANG_WARN_INFINITE_RECURSION = YES;
				CLANG_WARN_INT_CONVERSION = YES;
				CLANG_WARN_NON_LITERAL_NULL_CONVERSION = YES;
				CLANG_WARN_OBJC_IMPLICIT_RETAIN_SELF = YES;
				CLANG_WARN_OBJC_LITERAL_CONVERSION = YES;
				CLANG_WARN_OBJC_ROOT_CLASS = YES_ERROR;
				CLANG_WARN_QUOTED_INCLUDE_IN_FRAMEWORK_HEADER = YES;
				CLANG_WARN_RANGE_LOOP_ANALYSIS = YES;
				CLANG_WARN_STRICT_PROTOTYPES = YES;
				CLANG_WARN_SUSPICIOUS_MOVE = YES;
				CLANG_WARN_UNGUARDED_AVAILABILITY = YES_AGGRESSIVE;
				CLANG_WARN_UNREACHABLE_CODE = YES;
				CLANG_WARN__DUPLICATE_METHOD_MATCH = YES;
				COPY_PHASE_STRIP = NO;
				DEBUG_INFORMATION_FORMAT = dwarf;
				ENABLE_STRICT_OBJC_MSGSEND = YES;
				ENABLE_TESTABILITY = YES;
				GCC_C_LANGUAGE_STANDARD = gnu11;
				GCC_DYNAMIC_NO_PIC = NO;
				GCC_NO_COMMON_BLOCKS = YES;
				GCC_OPTIMIZATION_LEVEL = 0;
				GCC_PREPROCESSOR_DEFINITIONS = (
					"DEBUG=1",
					"$(inherited)",
				);
				GCC_WARN_64_TO_32_BIT_CONVERSION = YES;
				GCC_WARN_ABOUT_RETURN_TYPE = YES_ERROR;
				GCC_WARN_UNDECLARED_SELECTOR = YES;
				GCC_WARN_UNINITIALIZED_AUTOS = YES_AGGRESSIVE;
				GCC_WARN_UNUSED_FUNCTION = YES;
				GCC_WARN_UNUSED_VARIABLE = YES;
				IPHONEOS_DEPLOYMENT_TARGET = 16.4;
				MTL_ENABLE_DEBUG_INFO = INCLUDE_SOURCE;
				MTL_FAST_MATH = YES;
				ONLY_ACTIVE_ARCH = YES;
				SDKROOT = iphoneos;
				SWIFT_ACTIVE_COMPILATION_CONDITIONS = DEBUG;
				SWIFT_OPTIMIZATION_LEVEL = "-Onone";
			};
			name = Debug;
		};
		AB813A0929EB0E2500997731 /* Release */ = {
			isa = XCBuildConfiguration;
			buildSettings = {
				ALWAYS_SEARCH_USER_PATHS = NO;
				CLANG_ANALYZER_NONNULL = YES;
				CLANG_ANALYZER_NUMBER_OBJECT_CONVERSION = YES_AGGRESSIVE;
				CLANG_CXX_LANGUAGE_STANDARD = "gnu++20";
				CLANG_ENABLE_MODULES = YES;
				CLANG_ENABLE_OBJC_ARC = YES;
				CLANG_ENABLE_OBJC_WEAK = YES;
				CLANG_WARN_BLOCK_CAPTURE_AUTORELEASING = YES;
				CLANG_WARN_BOOL_CONVERSION = YES;
				CLANG_WARN_COMMA = YES;
				CLANG_WARN_CONSTANT_CONVERSION = YES;
				CLANG_WARN_DEPRECATED_OBJC_IMPLEMENTATIONS = YES;
				CLANG_WARN_DIRECT_OBJC_ISA_USAGE = YES_ERROR;
				CLANG_WARN_DOCUMENTATION_COMMENTS = YES;
				CLANG_WARN_EMPTY_BODY = YES;
				CLANG_WARN_ENUM_CONVERSION = YES;
				CLANG_WARN_INFINITE_RECURSION = YES;
				CLANG_WARN_INT_CONVERSION = YES;
				CLANG_WARN_NON_LITERAL_NULL_CONVERSION = YES;
				CLANG_WARN_OBJC_IMPLICIT_RETAIN_SELF = YES;
				CLANG_WARN_OBJC_LITERAL_CONVERSION = YES;
				CLANG_WARN_OBJC_ROOT_CLASS = YES_ERROR;
				CLANG_WARN_QUOTED_INCLUDE_IN_FRAMEWORK_HEADER = YES;
				CLANG_WARN_RANGE_LOOP_ANALYSIS = YES;
				CLANG_WARN_STRICT_PROTOTYPES = YES;
				CLANG_WARN_SUSPICIOUS_MOVE = YES;
				CLANG_WARN_UNGUARDED_AVAILABILITY = YES_AGGRESSIVE;
				CLANG_WARN_UNREACHABLE_CODE = YES;
				CLANG_WARN__DUPLICATE_METHOD_MATCH = YES;
				COPY_PHASE_STRIP = NO;
				DEBUG_INFORMATION_FORMAT = "dwarf-with-dsym";
				ENABLE_NS_ASSERTIONS = NO;
				ENABLE_STRICT_OBJC_MSGSEND = YES;
				GCC_C_LANGUAGE_STANDARD = gnu11;
				GCC_NO_COMMON_BLOCKS = YES;
				GCC_WARN_64_TO_32_BIT_CONVERSION = YES;
				GCC_WARN_ABOUT_RETURN_TYPE = YES_ERROR;
				GCC_WARN_UNDECLARED_SELECTOR = YES;
				GCC_WARN_UNINITIALIZED_AUTOS = YES_AGGRESSIVE;
				GCC_WARN_UNUSED_FUNCTION = YES;
				GCC_WARN_UNUSED_VARIABLE = YES;
				IPHONEOS_DEPLOYMENT_TARGET = 16.4;
				MTL_ENABLE_DEBUG_INFO = NO;
				MTL_FAST_MATH = YES;
				SDKROOT = iphoneos;
				SWIFT_COMPILATION_MODE = wholemodule;
				SWIFT_OPTIMIZATION_LEVEL = "-O";
				VALIDATE_PRODUCT = YES;
			};
			name = Release;
		};
		AB813A0B29EB0E2500997731 /* Debug */ = {
			isa = XCBuildConfiguration;
			buildSettings = {
				ASSETCATALOG_COMPILER_APPICON_NAME = AppIcon;
				ASSETCATALOG_COMPILER_GLOBAL_ACCENT_COLOR_NAME = AccentColor;
				CODE_SIGN_STYLE = Automatic;
				CURRENT_PROJECT_VERSION = 1;
				DEVELOPMENT_ASSET_PATHS = "\"CareTrack/Preview Content\"";
				DEVELOPMENT_TEAM = "";
				ENABLE_PREVIEWS = YES;
				GENERATE_INFOPLIST_FILE = YES;
				INFOPLIST_FILE = CareTrack/Info.plist;
				INFOPLIST_KEY_UIApplicationSceneManifest_Generation = YES;
				INFOPLIST_KEY_UIApplicationSupportsIndirectInputEvents = YES;
				INFOPLIST_KEY_UILaunchScreen_Generation = YES;
				INFOPLIST_KEY_UISupportedInterfaceOrientations_iPad = "UIInterfaceOrientationPortrait UIInterfaceOrientationPortraitUpsideDown UIInterfaceOrientationLandscapeLeft UIInterfaceOrientationLandscapeRight";
				INFOPLIST_KEY_UISupportedInterfaceOrientations_iPhone = "UIInterfaceOrientationPortrait UIInterfaceOrientationLandscapeLeft UIInterfaceOrientationLandscapeRight";
				IPHONEOS_DEPLOYMENT_TARGET = 16.0;
				LD_RUNPATH_SEARCH_PATHS = (
					"$(inherited)",
					"@executable_path/Frameworks",
				);
				MARKETING_VERSION = 1.0;
				PRODUCT_BUNDLE_IDENTIFIER = in.edu.srmist.CareTrack;
				PRODUCT_NAME = "$(TARGET_NAME)";
				SWIFT_EMIT_LOC_STRINGS = YES;
				SWIFT_VERSION = 5.0;
				TARGETED_DEVICE_FAMILY = "1,2";
			};
			name = Debug;
		};
		AB813A0C29EB0E2500997731 /* Release */ = {
			isa = XCBuildConfiguration;
			buildSettings = {
				ASSETCATALOG_COMPILER_APPICON_NAME = AppIcon;
				ASSETCATALOG_COMPILER_GLOBAL_ACCENT_COLOR_NAME = AccentColor;
				CODE_SIGN_STYLE = Automatic;
				CURRENT_PROJECT_VERSION = 1;
				DEVELOPMENT_ASSET_PATHS = "\"CareTrack/Preview Content\"";
				DEVELOPMENT_TEAM = "";
				ENABLE_PREVIEWS = YES;
				GENERATE_INFOPLIST_FILE = YES;
				INFOPLIST_FILE = CareTrack/Info.plist;
				INFOPLIST_KEY_UIApplicationSceneManifest_Generation = YES;
				INFOPLIST_KEY_UIApplicationSupportsIndirectInputEvents = YES;
				INFOPLIST_KEY_UILaunchScreen_Generation = YES;
				INFOPLIST_KEY_UISupportedInterfaceOrientations_iPad = "UIInterfaceOrientationPortrait UIInterfaceOrientationPortraitUpsideDown UIInterfaceOrientationLandscapeLeft UIInterfaceOrientationLandscapeRight";
				INFOPLIST_KEY_UISupportedInterfaceOrientations_iPhone = "UIInterfaceOrientationPortrait UIInterfaceOrientationLandscapeLeft UIInterfaceOrientationLandscapeRight";
				IPHONEOS_DEPLOYMENT_TARGET = 16.0;
				LD_RUNPATH_SEARCH_PATHS = (
					"$(inherited)",
					"@executable_path/Frameworks",
				);
				MARKETING_VERSION = 1.0;
				PRODUCT_BUNDLE_IDENTIFIER = in.edu.srmist.CareTrack;
				PRODUCT_NAME = "$(TARGET_NAME)";
				SWIFT_EMIT_LOC_STRINGS = YES;
				SWIFT_VERSION = 5.0;
				TARGETED_DEVICE_FAMILY = "1,2";
			};
			name = Release;
		};
/* End XCBuildConfiguration section */

/* Begin XCConfigurationList section */
		AB8139F729EB0E2400997731 /* Build configuration list for PBXProject "CareTrack" */ = {
			isa = XCConfigurationList;
			buildConfigurations = (
				AB813A0829EB0E2500997731 /* Debug */,
				AB813A0929EB0E2500997731 /* Release */,
			);
			defaultConfigurationIsVisible = 0;
			defaultConfigurationName = Release;
		};
		AB813A0A29EB0E2500997731 /* Build configuration list for PBXNativeTarget "CareTrack" */ = {
			isa = XCConfigurationList;
			buildConfigurations = (
				AB813A0B29EB0E2500997731 /* Debug */,
				AB813A0C29EB0E2500997731 /* Release */,
			);
			defaultConfigurationIsVisible = 0;
			defaultConfigurationName = Release;
		};
/* End XCConfigurationList section */

/* Begin XCRemoteSwiftPackageReference section */
		3343E9B129ECFD3800AC73D1 /* XCRemoteSwiftPackageReference "supabase-swift" */ = {
			isa = XCRemoteSwiftPackageReference;
			repositoryURL = "https://github.com/supabase-community/supabase-swift.git";
			requirement = {
				kind = upToNextMajorVersion;
				minimumVersion = 0.2.1;
			};
		};
		AB813A0F29EB114400997731 /* XCRemoteSwiftPackageReference "firebase-ios-sdk" */ = {
			isa = XCRemoteSwiftPackageReference;
			repositoryURL = "https://github.com/firebase/firebase-ios-sdk";
			requirement = {
				kind = upToNextMajorVersion;
				minimumVersion = 10.0.0;
			};
		};
/* End XCRemoteSwiftPackageReference section */

/* Begin XCSwiftPackageProductDependency section */
		3343E9B229ECFD3800AC73D1 /* Supabase */ = {
			isa = XCSwiftPackageProductDependency;
			package = 3343E9B129ECFD3800AC73D1 /* XCRemoteSwiftPackageReference "supabase-swift" */;
			productName = Supabase;
		};
		AB813A1029EB114400997731 /* FirebaseAuth */ = {
			isa = XCSwiftPackageProductDependency;
			package = AB813A0F29EB114400997731 /* XCRemoteSwiftPackageReference "firebase-ios-sdk" */;
			productName = FirebaseAuth;
		};
		AB813A1229EB114400997731 /* FirebaseFirestore */ = {
			isa = XCSwiftPackageProductDependency;
			package = AB813A0F29EB114400997731 /* XCRemoteSwiftPackageReference "firebase-ios-sdk" */;
			productName = FirebaseFirestore;
		};
		AB813A1429EB114400997731 /* FirebaseFirestoreCombine-Community */ = {
			isa = XCSwiftPackageProductDependency;
			package = AB813A0F29EB114400997731 /* XCRemoteSwiftPackageReference "firebase-ios-sdk" */;
			productName = "FirebaseFirestoreCombine-Community";
		};
		AB813A1629EB114400997731 /* FirebaseFirestoreSwift */ = {
			isa = XCSwiftPackageProductDependency;
			package = AB813A0F29EB114400997731 /* XCRemoteSwiftPackageReference "firebase-ios-sdk" */;
			productName = FirebaseFirestoreSwift;
		};
		AB813A1829EB114400997731 /* FirebaseStorage */ = {
			isa = XCSwiftPackageProductDependency;
			package = AB813A0F29EB114400997731 /* XCRemoteSwiftPackageReference "firebase-ios-sdk" */;
			productName = FirebaseStorage;
		};
/* End XCSwiftPackageProductDependency section */
	};
	rootObject = AB8139F429EB0E2400997731 /* Project object */;
}
